
Microsoft Visual Studio Solution File, Format Version 12.00
# Visual Studio Version 16
VisualStudioVersion = 16.0.32106.194
MinimumVisualStudioVersion = 10.0.40219.1
Project("{FAE04EC0-301F-11D3-BF4B-00C04F79EFBC}") = "MenuX", "MenuX\MenuX.csproj", "{46DDECA7-1CA4-48BC-9674-3B20A9E2BB9C}"
EndProject
Global
	GlobalSection(SolutionConfigurationPlatforms) = preSolution
		Debug|Any CPU = Debug|Any CPU
		Release|Any CPU = Release|Any CPU
	EndGlobalSection
	GlobalSection(ProjectConfigurationPlatforms) = postSolution
		{46DDECA7-1CA4-48BC-9674-3B20A9E2BB9C}.Debug|Any CPU.ActiveCfg = Debug|Any CPU
		{46DDECA7-1CA4-48BC-9674-3B20A9E2BB9C}.Debug|Any CPU.Build.0 = Debug|Any CPU
		{46DDECA7-1CA4-48BC-9674-3B20A9E2BB9C}.Release|Any CPU.ActiveCfg = Release|Any CPU
		{46DDECA7-1CA4-48BC-9674-3B20A9E2BB9C}.Release|Any CPU.Build.0 = Release|Any CPU
	EndGlobalSection
	GlobalSection(SolutionProperties) = preSolution
		HideSolutionNode = FALSE
	EndGlobalSection
	GlobalSection(ExtensibilityGlobals) = postSolution
		SolutionGuid = {B9B98DA4-1FEF-4E56-A990-FCF94451FCC2}
	EndGlobalSection
EndGlobal
